
Microsoft Visual Studio Solution File, Format Version 12.00
# Visual Studio Version 16
VisualStudioVersion = 16.0.29001.49
MinimumVisualStudioVersion = 10.0.40219.1
Project("{FAE04EC0-301F-11D3-BF4B-00C04F79EFBC}") = "Project1", "Project1\Project1.csproj", "{AC4268A9-86C1-4FE5-A7A6-FE77338AD9C7}"
EndProject
Project("{FAE04EC0-301F-11D3-BF4B-00C04F79EFBC}") = "Finance", "Finance\Finance.csproj", "{88B7AD4F-A8E8-4D46-A228-798B4F8B77A3}"
EndProject
Project("{FAE04EC0-301F-11D3-BF4B-00C04F79EFBC}") = "Project2", "Project2\Project2.csproj", "{B6975154-4250-4C00-B575-3FD9F5EB68A6}"
EndProject
Project("{FAE04EC0-301F-11D3-BF4B-00C04F79EFBC}") = "Project3", "Project3\Project3.csproj", "{1C4C263B-7A0F-4F30-9C14-A94C4647C6F8}"
EndProject
Project("{FAE04EC0-301F-11D3-BF4B-00C04F79EFBC}") = "Project4", "Project4\Project4.csproj", "{0070DD01-5018-42E2-85C2-C37F22DFB6E4}"
EndProject
Global
	GlobalSection(SolutionConfigurationPlatforms) = preSolution
		Debug|Any CPU = Debug|Any CPU
		Release|Any CPU = Release|Any CPU
	EndGlobalSection
	GlobalSection(ProjectConfigurationPlatforms) = postSolution
		{AC4268A9-86C1-4FE5-A7A6-FE77338AD9C7}.Debug|Any CPU.ActiveCfg = Debug|Any CPU
		{AC4268A9-86C1-4FE5-A7A6-FE77338AD9C7}.Debug|Any CPU.Build.0 = Debug|Any CPU
		{AC4268A9-86C1-4FE5-A7A6-FE77338AD9C7}.Release|Any CPU.ActiveCfg = Release|Any CPU
		{AC4268A9-86C1-4FE5-A7A6-FE77338AD9C7}.Release|Any CPU.Build.0 = Release|Any CPU
		{88B7AD4F-A8E8-4D46-A228-798B4F8B77A3}.Debug|Any CPU.ActiveCfg = Debug|Any CPU
		{88B7AD4F-A8E8-4D46-A228-798B4F8B77A3}.Debug|Any CPU.Build.0 = Debug|Any CPU
		{88B7AD4F-A8E8-4D46-A228-798B4F8B77A3}.Release|Any CPU.ActiveCfg = Release|Any CPU
		{88B7AD4F-A8E8-4D46-A228-798B4F8B77A3}.Release|Any CPU.Build.0 = Release|Any CPU
		{B6975154-4250-4C00-B575-3FD9F5EB68A6}.Debug|Any CPU.ActiveCfg = Debug|Any CPU
		{B6975154-4250-4C00-B575-3FD9F5EB68A6}.Debug|Any CPU.Build.0 = Debug|Any CPU
		{B6975154-4250-4C00-B575-3FD9F5EB68A6}.Release|Any CPU.ActiveCfg = Release|Any CPU
		{B6975154-4250-4C00-B575-3FD9F5EB68A6}.Release|Any CPU.Build.0 = Release|Any CPU
		{1C4C263B-7A0F-4F30-9C14-A94C4647C6F8}.Debug|Any CPU.ActiveCfg = Debug|Any CPU
		{1C4C263B-7A0F-4F30-9C14-A94C4647C6F8}.Debug|Any CPU.Build.0 = Debug|Any CPU
		{1C4C263B-7A0F-4F30-9C14-A94C4647C6F8}.Release|Any CPU.ActiveCfg = Release|Any CPU
		{1C4C263B-7A0F-4F30-9C14-A94C4647C6F8}.Release|Any CPU.Build.0 = Release|Any CPU
		{0070DD01-5018-42E2-85C2-C37F22DFB6E4}.Debug|Any CPU.ActiveCfg = Debug|Any CPU
		{0070DD01-5018-42E2-85C2-C37F22DFB6E4}.Debug|Any CPU.Build.0 = Debug|Any CPU
		{0070DD01-5018-42E2-85C2-C37F22DFB6E4}.Release|Any CPU.ActiveCfg = Release|Any CPU
		{0070DD01-5018-42E2-85C2-C37F22DFB6E4}.Release|Any CPU.Build.0 = Release|Any CPU
	EndGlobalSection
	GlobalSection(SolutionProperties) = preSolution
		HideSolutionNode = FALSE
	EndGlobalSection
	GlobalSection(ExtensibilityGlobals) = postSolution
		SolutionGuid = {A108CE49-0E52-4C57-99F7-1236D5F2CF51}
	EndGlobalSection
EndGlobal
